
Microsoft Visual Studio Solution File, Format Version 12.00
# Visual Studio 15
VisualStudioVersion = 15.0.26730.12
MinimumVisualStudioVersion = 10.0.40219.1
Project("{2150E333-8FDC-42A3-9474-1A3956D46DE8}") = "src", "src", "{26CD2F4D-CA23-4682-B301-DDC936E8A66E}"
EndProject
Project("{2150E333-8FDC-42A3-9474-1A3956D46DE8}") = "project", "project", "{3D56BF3B-F041-495B-BC5F-73E43137C76E}"
	ProjectSection(SolutionItems) = preProject
		paket.dependencies = paket.dependencies
		README.md = README.md
	EndProjectSection
EndProject
Project("{FAE04EC0-301F-11D3-BF4B-00C04F79EFBC}") = "Calliope", "src\Calliope\Calliope.csproj", "{8A21215B-05B8-40E1-82D0-CFC73A2F4F22}"
EndProject
Project("{FAE04EC0-301F-11D3-BF4B-00C04F79EFBC}") = "Calliope.Tests", "src\Calliope.Tests\Calliope.Tests.csproj", "{949660DB-0DED-47F2-B590-129DF52EA418}"
EndProject
Project("{2150E333-8FDC-42A3-9474-1A3956D46DE8}") = "plugins", "plugins", "{E55921B4-2C67-42A5-A1C4-86E653A7D8F2}"
EndProject
Project("{FAE04EC0-301F-11D3-BF4B-00C04F79EFBC}") = "Calliope.Sql", "src\Calliope.Sql\Calliope.Sql.csproj", "{6E85D89E-B406-48F3-A2E0-95FFBAB3875D}"
EndProject
Global
	GlobalSection(SolutionConfigurationPlatforms) = preSolution
		Debug|Any CPU = Debug|Any CPU
		Release|Any CPU = Release|Any CPU
	EndGlobalSection
	GlobalSection(ProjectConfigurationPlatforms) = postSolution
		{8A21215B-05B8-40E1-82D0-CFC73A2F4F22}.Debug|Any CPU.ActiveCfg = Debug|Any CPU
		{8A21215B-05B8-40E1-82D0-CFC73A2F4F22}.Debug|Any CPU.Build.0 = Debug|Any CPU
		{8A21215B-05B8-40E1-82D0-CFC73A2F4F22}.Release|Any CPU.ActiveCfg = Release|Any CPU
		{8A21215B-05B8-40E1-82D0-CFC73A2F4F22}.Release|Any CPU.Build.0 = Release|Any CPU
		{949660DB-0DED-47F2-B590-129DF52EA418}.Debug|Any CPU.ActiveCfg = Debug|Any CPU
		{949660DB-0DED-47F2-B590-129DF52EA418}.Debug|Any CPU.Build.0 = Debug|Any CPU
		{949660DB-0DED-47F2-B590-129DF52EA418}.Release|Any CPU.ActiveCfg = Release|Any CPU
		{949660DB-0DED-47F2-B590-129DF52EA418}.Release|Any CPU.Build.0 = Release|Any CPU
		{6E85D89E-B406-48F3-A2E0-95FFBAB3875D}.Debug|Any CPU.ActiveCfg = Debug|Any CPU
		{6E85D89E-B406-48F3-A2E0-95FFBAB3875D}.Debug|Any CPU.Build.0 = Debug|Any CPU
		{6E85D89E-B406-48F3-A2E0-95FFBAB3875D}.Release|Any CPU.ActiveCfg = Release|Any CPU
		{6E85D89E-B406-48F3-A2E0-95FFBAB3875D}.Release|Any CPU.Build.0 = Release|Any CPU
	EndGlobalSection
	GlobalSection(SolutionProperties) = preSolution
		HideSolutionNode = FALSE
	EndGlobalSection
	GlobalSection(NestedProjects) = preSolution
		{8A21215B-05B8-40E1-82D0-CFC73A2F4F22} = {26CD2F4D-CA23-4682-B301-DDC936E8A66E}
		{949660DB-0DED-47F2-B590-129DF52EA418} = {26CD2F4D-CA23-4682-B301-DDC936E8A66E}
		{6E85D89E-B406-48F3-A2E0-95FFBAB3875D} = {E55921B4-2C67-42A5-A1C4-86E653A7D8F2}
	EndGlobalSection
	GlobalSection(ExtensibilityGlobals) = postSolution
		SolutionGuid = {6947D178-0C95-4193-9F5D-04DA104E5084}
	EndGlobalSection
EndGlobal
